
Microsoft Visual Studio Solution File, Format Version 12.00
# Visual Studio 15
Project("{FAE04EC0-301F-11D3-BF4B-00C04F79EFBC}") = "Assembly-CSharp", "Assembly-CSharp.csproj", "{674077ED-1368-6235-340F-97407FD43B3F}"
EndProject
Project("{FAE04EC0-301F-11D3-BF4B-00C04F79EFBC}") = "PhotonUnityNetworking.Demos", "PhotonUnityNetworking.Demos.csproj", "{23ECC0BD-A816-2212-A82E-FBA11039A108}"
EndProject
Project("{FAE04EC0-301F-11D3-BF4B-00C04F79EFBC}") = "PhotonUnityNetworking.Utilities", "PhotonUnityNetworking.Utilities.csproj", "{D27C1E48-AB2E-474D-1B71-AB389AE1CFCC}"
EndProject
Project("{FAE04EC0-301F-11D3-BF4B-00C04F79EFBC}") = "PhotonVoice.API", "PhotonVoice.API.csproj", "{F8AE14C5-8C36-8715-8DD1-AF7460B40010}"
EndProject
Project("{FAE04EC0-301F-11D3-BF4B-00C04F79EFBC}") = "Oculus.VR", "Oculus.VR.csproj", "{3B6CD8B6-D247-CDE4-1672-A62EF4AD2CB1}"
EndProject
Project("{FAE04EC0-301F-11D3-BF4B-00C04F79EFBC}") = "Oculus.Platform", "Oculus.Platform.csproj", "{450DA185-021E-1D4B-F36C-3B0CC10EBAED}"
EndProject
Project("{FAE04EC0-301F-11D3-BF4B-00C04F79EFBC}") = "PhotonChat", "PhotonChat.csproj", "{115FC0A5-EB52-1A04-A550-F77B6639C382}"
EndProject
Project("{FAE04EC0-301F-11D3-BF4B-00C04F79EFBC}") = "PhotonUnityNetworking", "PhotonUnityNetworking.csproj", "{47D2363C-0425-AFEC-3163-5799997E374B}"
EndProject
Project("{FAE04EC0-301F-11D3-BF4B-00C04F79EFBC}") = "PhotonRealtime", "PhotonRealtime.csproj", "{ACC5D6E0-BB13-71B0-1084-7986C18F5658}"
EndProject
Project("{FAE04EC0-301F-11D3-BF4B-00C04F79EFBC}") = "PhotonVoice", "PhotonVoice.csproj", "{CBD9CAD6-486D-0786-D798-891A7FA07B11}"
EndProject
Project("{FAE04EC0-301F-11D3-BF4B-00C04F79EFBC}") = "PhotonWebSocket", "PhotonWebSocket.csproj", "{D1278A16-49E0-DD9C-7FF9-FF40216E598E}"
EndProject
Project("{FAE04EC0-301F-11D3-BF4B-00C04F79EFBC}") = "PhotonVoice.PUN", "PhotonVoice.PUN.csproj", "{BEA4D89D-31B9-0763-254B-D67DF976CC6F}"
EndProject
Project("{FAE04EC0-301F-11D3-BF4B-00C04F79EFBC}") = "Assembly-CSharp-Editor", "Assembly-CSharp-Editor.csproj", "{27C8291D-B6F5-48F8-BFD6-C4C566307467}"
EndProject
Project("{FAE04EC0-301F-11D3-BF4B-00C04F79EFBC}") = "PhotonVoice.Editor", "PhotonVoice.Editor.csproj", "{A169810C-42CC-00FF-6A0B-631192296B50}"
EndProject
Project("{FAE04EC0-301F-11D3-BF4B-00C04F79EFBC}") = "Oculus.VR.Scripts.Editor", "Oculus.VR.Scripts.Editor.csproj", "{DD860045-7E05-791F-B32D-540661B25130}"
EndProject
Project("{FAE04EC0-301F-11D3-BF4B-00C04F79EFBC}") = "Oculus.VR.Editor", "Oculus.VR.Editor.csproj", "{61F49B74-7F1F-6162-E183-12863C1A316C}"
EndProject
Project("{FAE04EC0-301F-11D3-BF4B-00C04F79EFBC}") = "PhotonUnityNetworking.Editor", "PhotonUnityNetworking.Editor.csproj", "{2B8C43C6-798C-588E-9DED-BF28D6F7A76F}"
EndProject
Project("{FAE04EC0-301F-11D3-BF4B-00C04F79EFBC}") = "Oculus.Platform.Editor", "Oculus.Platform.Editor.csproj", "{5FB85C33-59ED-84C0-97EA-EE285DBF60D2}"
EndProject
Project("{FAE04EC0-301F-11D3-BF4B-00C04F79EFBC}") = "PhotonVoice.Utilities.Editor", "PhotonVoice.Utilities.Editor.csproj", "{06DFF134-9A55-CF05-14E0-C8E6D9115295}"
EndProject
Project("{FAE04EC0-301F-11D3-BF4B-00C04F79EFBC}") = "PunDemos.DemoHubEditor", "PunDemos.DemoHubEditor.csproj", "{20F733B7-A7D3-7D8B-6AB8-00184D661D77}"
EndProject
Project("{FAE04EC0-301F-11D3-BF4B-00C04F79EFBC}") = "PhotonUnityNetworking.Utilities.PhotonPlayer.Editor", "PhotonUnityNetworking.Utilities.PhotonPlayer.Editor.csproj", "{B57E7800-2362-222C-DDE8-5CE811291407}"
EndProject
Project("{FAE04EC0-301F-11D3-BF4B-00C04F79EFBC}") = "PhotonUnityNetworking.Utilities.Culling.Editor", "PhotonUnityNetworking.Utilities.Culling.Editor.csproj", "{FB6BCDB4-06DC-94DE-F60A-D77431BFEF4B}"
EndProject
Project("{FAE04EC0-301F-11D3-BF4B-00C04F79EFBC}") = "PunDemos.DemoSlotcarEditor", "PunDemos.DemoSlotcarEditor.csproj", "{27B9D735-30D6-FA14-4FAF-F63CA9633763}"
EndProject
Project("{FAE04EC0-301F-11D3-BF4B-00C04F79EFBC}") = "PhotonVoice.PUN.Editor", "PhotonVoice.PUN.Editor.csproj", "{D0C628C4-B254-9489-AF57-00E2BA04293B}"
EndProject
Global
	GlobalSection(SolutionConfigurationPlatforms) = preSolution
		Debug|Any CPU = Debug|Any CPU
		Release|Any CPU = Release|Any CPU
	EndGlobalSection
	GlobalSection(ProjectConfigurationPlatforms) = postSolution
		{674077ED-1368-6235-340F-97407FD43B3F}.Debug|Any CPU.ActiveCfg = Debug|Any CPU
		{674077ED-1368-6235-340F-97407FD43B3F}.Debug|Any CPU.Build.0 = Debug|Any CPU
		{674077ED-1368-6235-340F-97407FD43B3F}.Release|Any CPU.ActiveCfg = Release|Any CPU
		{674077ED-1368-6235-340F-97407FD43B3F}.Release|Any CPU.Build.0 = Release|Any CPU
		{23ECC0BD-A816-2212-A82E-FBA11039A108}.Debug|Any CPU.ActiveCfg = Debug|Any CPU
		{23ECC0BD-A816-2212-A82E-FBA11039A108}.Debug|Any CPU.Build.0 = Debug|Any CPU
		{23ECC0BD-A816-2212-A82E-FBA11039A108}.Release|Any CPU.ActiveCfg = Release|Any CPU
		{23ECC0BD-A816-2212-A82E-FBA11039A108}.Release|Any CPU.Build.0 = Release|Any CPU
		{D27C1E48-AB2E-474D-1B71-AB389AE1CFCC}.Debug|Any CPU.ActiveCfg = Debug|Any CPU
		{D27C1E48-AB2E-474D-1B71-AB389AE1CFCC}.Debug|Any CPU.Build.0 = Debug|Any CPU
		{D27C1E48-AB2E-474D-1B71-AB389AE1CFCC}.Release|Any CPU.ActiveCfg = Release|Any CPU
		{D27C1E48-AB2E-474D-1B71-AB389AE1CFCC}.Release|Any CPU.Build.0 = Release|Any CPU
		{F8AE14C5-8C36-8715-8DD1-AF7460B40010}.Debug|Any CPU.ActiveCfg = Debug|Any CPU
		{F8AE14C5-8C36-8715-8DD1-AF7460B40010}.Debug|Any CPU.Build.0 = Debug|Any CPU
		{F8AE14C5-8C36-8715-8DD1-AF7460B40010}.Release|Any CPU.ActiveCfg = Release|Any CPU
		{F8AE14C5-8C36-8715-8DD1-AF7460B40010}.Release|Any CPU.Build.0 = Release|Any CPU
		{3B6CD8B6-D247-CDE4-1672-A62EF4AD2CB1}.Debug|Any CPU.ActiveCfg = Debug|Any CPU
		{3B6CD8B6-D247-CDE4-1672-A62EF4AD2CB1}.Debug|Any CPU.Build.0 = Debug|Any CPU
		{3B6CD8B6-D247-CDE4-1672-A62EF4AD2CB1}.Release|Any CPU.ActiveCfg = Release|Any CPU
		{3B6CD8B6-D247-CDE4-1672-A62EF4AD2CB1}.Release|Any CPU.Build.0 = Release|Any CPU
		{450DA185-021E-1D4B-F36C-3B0CC10EBAED}.Debug|Any CPU.ActiveCfg = Debug|Any CPU
		{450DA185-021E-1D4B-F36C-3B0CC10EBAED}.Debug|Any CPU.Build.0 = Debug|Any CPU
		{450DA185-021E-1D4B-F36C-3B0CC10EBAED}.Release|Any CPU.ActiveCfg = Release|Any CPU
		{450DA185-021E-1D4B-F36C-3B0CC10EBAED}.Release|Any CPU.Build.0 = Release|Any CPU
		{115FC0A5-EB52-1A04-A550-F77B6639C382}.Debug|Any CPU.ActiveCfg = Debug|Any CPU
		{115FC0A5-EB52-1A04-A550-F77B6639C382}.Debug|Any CPU.Build.0 = Debug|Any CPU
		{115FC0A5-EB52-1A04-A550-F77B6639C382}.Release|Any CPU.ActiveCfg = Release|Any CPU
		{115FC0A5-EB52-1A04-A550-F77B6639C382}.Release|Any CPU.Build.0 = Release|Any CPU
		{47D2363C-0425-AFEC-3163-5799997E374B}.Debug|Any CPU.ActiveCfg = Debug|Any CPU
		{47D2363C-0425-AFEC-3163-5799997E374B}.Debug|Any CPU.Build.0 = Debug|Any CPU
		{47D2363C-0425-AFEC-3163-5799997E374B}.Release|Any CPU.ActiveCfg = Release|Any CPU
		{47D2363C-0425-AFEC-3163-5799997E374B}.Release|Any CPU.Build.0 = Release|Any CPU
		{ACC5D6E0-BB13-71B0-1084-7986C18F5658}.Debug|Any CPU.ActiveCfg = Debug|Any CPU
		{ACC5D6E0-BB13-71B0-1084-7986C18F5658}.Debug|Any CPU.Build.0 = Debug|Any CPU
		{ACC5D6E0-BB13-71B0-1084-7986C18F5658}.Release|Any CPU.ActiveCfg = Release|Any CPU
		{ACC5D6E0-BB13-71B0-1084-7986C18F5658}.Release|Any CPU.Build.0 = Release|Any CPU
		{CBD9CAD6-486D-0786-D798-891A7FA07B11}.Debug|Any CPU.ActiveCfg = Debug|Any CPU
		{CBD9CAD6-486D-0786-D798-891A7FA07B11}.Debug|Any CPU.Build.0 = Debug|Any CPU
		{CBD9CAD6-486D-0786-D798-891A7FA07B11}.Release|Any CPU.ActiveCfg = Release|Any CPU
		{CBD9CAD6-486D-0786-D798-891A7FA07B11}.Release|Any CPU.Build.0 = Release|Any CPU
		{D1278A16-49E0-DD9C-7FF9-FF40216E598E}.Debug|Any CPU.ActiveCfg = Debug|Any CPU
		{D1278A16-49E0-DD9C-7FF9-FF40216E598E}.Debug|Any CPU.Build.0 = Debug|Any CPU
		{D1278A16-49E0-DD9C-7FF9-FF40216E598E}.Release|Any CPU.ActiveCfg = Release|Any CPU
		{D1278A16-49E0-DD9C-7FF9-FF40216E598E}.Release|Any CPU.Build.0 = Release|Any CPU
		{BEA4D89D-31B9-0763-254B-D67DF976CC6F}.Debug|Any CPU.ActiveCfg = Debug|Any CPU
		{BEA4D89D-31B9-0763-254B-D67DF976CC6F}.Debug|Any CPU.Build.0 = Debug|Any CPU
		{BEA4D89D-31B9-0763-254B-D67DF976CC6F}.Release|Any CPU.ActiveCfg = Release|Any CPU
		{BEA4D89D-31B9-0763-254B-D67DF976CC6F}.Release|Any CPU.Build.0 = Release|Any CPU
		{27C8291D-B6F5-48F8-BFD6-C4C566307467}.Debug|Any CPU.ActiveCfg = Debug|Any CPU
		{27C8291D-B6F5-48F8-BFD6-C4C566307467}.Debug|Any CPU.Build.0 = Debug|Any CPU
		{27C8291D-B6F5-48F8-BFD6-C4C566307467}.Release|Any CPU.ActiveCfg = Release|Any CPU
		{27C8291D-B6F5-48F8-BFD6-C4C566307467}.Release|Any CPU.Build.0 = Release|Any CPU
		{A169810C-42CC-00FF-6A0B-631192296B50}.Debug|Any CPU.ActiveCfg = Debug|Any CPU
		{A169810C-42CC-00FF-6A0B-631192296B50}.Debug|Any CPU.Build.0 = Debug|Any CPU
		{A169810C-42CC-00FF-6A0B-631192296B50}.Release|Any CPU.ActiveCfg = Release|Any CPU
		{A169810C-42CC-00FF-6A0B-631192296B50}.Release|Any CPU.Build.0 = Release|Any CPU
		{DD860045-7E05-791F-B32D-540661B25130}.Debug|Any CPU.ActiveCfg = Debug|Any CPU
		{DD860045-7E05-791F-B32D-540661B25130}.Debug|Any CPU.Build.0 = Debug|Any CPU
		{DD860045-7E05-791F-B32D-540661B25130}.Release|Any CPU.ActiveCfg = Release|Any CPU
		{DD860045-7E05-791F-B32D-540661B25130}.Release|Any CPU.Build.0 = Release|Any CPU
		{61F49B74-7F1F-6162-E183-12863C1A316C}.Debug|Any CPU.ActiveCfg = Debug|Any CPU
		{61F49B74-7F1F-6162-E183-12863C1A316C}.Debug|Any CPU.Build.0 = Debug|Any CPU
		{61F49B74-7F1F-6162-E183-12863C1A316C}.Release|Any CPU.ActiveCfg = Release|Any CPU
		{61F49B74-7F1F-6162-E183-12863C1A316C}.Release|Any CPU.Build.0 = Release|Any CPU
		{2B8C43C6-798C-588E-9DED-BF28D6F7A76F}.Debug|Any CPU.ActiveCfg = Debug|Any CPU
		{2B8C43C6-798C-588E-9DED-BF28D6F7A76F}.Debug|Any CPU.Build.0 = Debug|Any CPU
		{2B8C43C6-798C-588E-9DED-BF28D6F7A76F}.Release|Any CPU.ActiveCfg = Release|Any CPU
		{2B8C43C6-798C-588E-9DED-BF28D6F7A76F}.Release|Any CPU.Build.0 = Release|Any CPU
		{5FB85C33-59ED-84C0-97EA-EE285DBF60D2}.Debug|Any CPU.ActiveCfg = Debug|Any CPU
		{5FB85C33-59ED-84C0-97EA-EE285DBF60D2}.Debug|Any CPU.Build.0 = Debug|Any CPU
		{5FB85C33-59ED-84C0-97EA-EE285DBF60D2}.Release|Any CPU.ActiveCfg = Release|Any CPU
		{5FB85C33-59ED-84C0-97EA-EE285DBF60D2}.Release|Any CPU.Build.0 = Release|Any CPU
		{06DFF134-9A55-CF05-14E0-C8E6D9115295}.Debug|Any CPU.ActiveCfg = Debug|Any CPU
		{06DFF134-9A55-CF05-14E0-C8E6D9115295}.Debug|Any CPU.Build.0 = Debug|Any CPU
		{06DFF134-9A55-CF05-14E0-C8E6D9115295}.Release|Any CPU.ActiveCfg = Release|Any CPU
		{06DFF134-9A55-CF05-14E0-C8E6D9115295}.Release|Any CPU.Build.0 = Release|Any CPU
		{20F733B7-A7D3-7D8B-6AB8-00184D661D77}.Debug|Any CPU.ActiveCfg = Debug|Any CPU
		{20F733B7-A7D3-7D8B-6AB8-00184D661D77}.Debug|Any CPU.Build.0 = Debug|Any CPU
		{20F733B7-A7D3-7D8B-6AB8-00184D661D77}.Release|Any CPU.ActiveCfg = Release|Any CPU
		{20F733B7-A7D3-7D8B-6AB8-00184D661D77}.Release|Any CPU.Build.0 = Release|Any CPU
		{B57E7800-2362-222C-DDE8-5CE811291407}.Debug|Any CPU.ActiveCfg = Debug|Any CPU
		{B57E7800-2362-222C-DDE8-5CE811291407}.Debug|Any CPU.Build.0 = Debug|Any CPU
		{B57E7800-2362-222C-DDE8-5CE811291407}.Release|Any CPU.ActiveCfg = Release|Any CPU
		{B57E7800-2362-222C-DDE8-5CE811291407}.Release|Any CPU.Build.0 = Release|Any CPU
		{FB6BCDB4-06DC-94DE-F60A-D77431BFEF4B}.Debug|Any CPU.ActiveCfg = Debug|Any CPU
		{FB6BCDB4-06DC-94DE-F60A-D77431BFEF4B}.Debug|Any CPU.Build.0 = Debug|Any CPU
		{FB6BCDB4-06DC-94DE-F60A-D77431BFEF4B}.Release|Any CPU.ActiveCfg = Release|Any CPU
		{FB6BCDB4-06DC-94DE-F60A-D77431BFEF4B}.Release|Any CPU.Build.0 = Release|Any CPU
		{27B9D735-30D6-FA14-4FAF-F63CA9633763}.Debug|Any CPU.ActiveCfg = Debug|Any CPU
		{27B9D735-30D6-FA14-4FAF-F63CA9633763}.Debug|Any CPU.Build.0 = Debug|Any CPU
		{27B9D735-30D6-FA14-4FAF-F63CA9633763}.Release|Any CPU.ActiveCfg = Release|Any CPU
		{27B9D735-30D6-FA14-4FAF-F63CA9633763}.Release|Any CPU.Build.0 = Release|Any CPU
		{D0C628C4-B254-9489-AF57-00E2BA04293B}.Debug|Any CPU.ActiveCfg = Debug|Any CPU
		{D0C628C4-B254-9489-AF57-00E2BA04293B}.Debug|Any CPU.Build.0 = Debug|Any CPU
		{D0C628C4-B254-9489-AF57-00E2BA04293B}.Release|Any CPU.ActiveCfg = Release|Any CPU
		{D0C628C4-B254-9489-AF57-00E2BA04293B}.Release|Any CPU.Build.0 = Release|Any CPU
	EndGlobalSection
	GlobalSection(SolutionProperties) = preSolution
		HideSolutionNode = FALSE
	EndGlobalSection
EndGlobal
